
Microsoft Visual Studio Solution File, Format Version 12.00
# Visual Studio Version 16
VisualStudioVersion = 16.0.31911.196
MinimumVisualStudioVersion = 10.0.40219.1
Project("{9A19103F-16F7-4668-BE54-9A1E7A4F7556}") = "Teste", "Teste\Teste.csproj", "{4A1D1B47-79B7-4643-BCC4-3048DE639FFB}"
EndProject
Project("{9A19103F-16F7-4668-BE54-9A1E7A4F7556}") = "Biblioteca", "Biblio\Biblioteca.csproj", "{922DCC3C-673D-4F64-934A-84308699511D}"
EndProject
Global
	GlobalSection(SolutionConfigurationPlatforms) = preSolution
		Debug|Any CPU = Debug|Any CPU
		Release|Any CPU = Release|Any CPU
	EndGlobalSection
	GlobalSection(ProjectConfigurationPlatforms) = postSolution
		{4A1D1B47-79B7-4643-BCC4-3048DE639FFB}.Debug|Any CPU.ActiveCfg = Debug|Any CPU
		{4A1D1B47-79B7-4643-BCC4-3048DE639FFB}.Debug|Any CPU.Build.0 = Debug|Any CPU
		{4A1D1B47-79B7-4643-BCC4-3048DE639FFB}.Release|Any CPU.ActiveCfg = Release|Any CPU
		{4A1D1B47-79B7-4643-BCC4-3048DE639FFB}.Release|Any CPU.Build.0 = Release|Any CPU
		{922DCC3C-673D-4F64-934A-84308699511D}.Debug|Any CPU.ActiveCfg = Debug|Any CPU
		{922DCC3C-673D-4F64-934A-84308699511D}.Debug|Any CPU.Build.0 = Debug|Any CPU
		{922DCC3C-673D-4F64-934A-84308699511D}.Release|Any CPU.ActiveCfg = Release|Any CPU
		{922DCC3C-673D-4F64-934A-84308699511D}.Release|Any CPU.Build.0 = Release|Any CPU
	EndGlobalSection
	GlobalSection(SolutionProperties) = preSolution
		HideSolutionNode = FALSE
	EndGlobalSection
	GlobalSection(ExtensibilityGlobals) = postSolution
		SolutionGuid = {AFC017E7-C7D0-46B8-8334-BAEEB9550BCE}
	EndGlobalSection
EndGlobal
